
Microsoft Visual Studio Solution File, Format Version 12.00
# Visual Studio Version 17
VisualStudioVersion = 17.10.35013.160
MinimumVisualStudioVersion = 10.0.40219.1
Project("{2150E333-8FDC-42A3-9474-1A3956D46DE8}") = "src", "src", "{F2AB7E26-D921-4C7E-81E1-392EF941CB0A}"
EndProject
Project("{2150E333-8FDC-42A3-9474-1A3956D46DE8}") = "test", "test", "{C829864D-3115-4712-9317-C87DE31740B4}"
EndProject
Project("{2150E333-8FDC-42A3-9474-1A3956D46DE8}") = "API", "API", "{B54EB58D-CC20-453D-BE5E-DF7FEA5BC621}"
EndProject
Project("{2150E333-8FDC-42A3-9474-1A3956D46DE8}") = "Core", "Core", "{4D3C9607-48DA-46B1-B36C-A857EC2ADB35}"
EndProject
Project("{2150E333-8FDC-42A3-9474-1A3956D46DE8}") = "infrastructure", "infrastructure", "{467FD307-8838-4F48-9101-395B1EBD6D98}"
EndProject
Project("{2150E333-8FDC-42A3-9474-1A3956D46DE8}") = "UI", "UI", "{9367BB91-EA49-4299-AB3E-3740F0E3F2EF}"
EndProject
Project("{9A19103F-16F7-4668-BE54-9A1E7A4F7556}") = "GloboTicket.TicketManagement.Domain", "GloboTicket.TicketManagement.Domain\GloboTicket.TicketManagement.Domain.csproj", "{58965EBE-F2DD-4BB5-9FE5-DAE8A7C1ECA1}"
EndProject
Project("{9A19103F-16F7-4668-BE54-9A1E7A4F7556}") = "GloboTicket.TicketManagement.Application", "GloboTicket.TicketManagement.Application\GloboTicket.TicketManagement.Application.csproj", "{87FD10D4-6B59-41E9-A4A7-366DA498BB5B}"
EndProject
Project("{9A19103F-16F7-4668-BE54-9A1E7A4F7556}") = "GloboTicket.TicketManagement.Persistence", "GloboTicket.TicketManagement.Persistence\GloboTicket.TicketManagement.Persistence.csproj", "{DAAEC418-0F63-439E-9DC3-376C2218B339}"
EndProject
Project("{9A19103F-16F7-4668-BE54-9A1E7A4F7556}") = "GloboTicket.TicketManagement.Infrastructure", "GloboTicket.TicketManagement.Infrastructure\GloboTicket.TicketManagement.Infrastructure.csproj", "{4CC61478-4387-4680-9813-2B12F3EE6229}"
EndProject
Project("{FAE04EC0-301F-11D3-BF4B-00C04F79EFBC}") = "GloboTicket.TicketManagement.Api", "GloboTicket.TicketManagement.Api\GloboTicket.TicketManagement.Api.csproj", "{74AA89DA-1913-4B96-8928-663321948CA9}"
EndProject
Global
	GlobalSection(SolutionConfigurationPlatforms) = preSolution
		Debug|Any CPU = Debug|Any CPU
		Release|Any CPU = Release|Any CPU
	EndGlobalSection
	GlobalSection(ProjectConfigurationPlatforms) = postSolution
		{58965EBE-F2DD-4BB5-9FE5-DAE8A7C1ECA1}.Debug|Any CPU.ActiveCfg = Debug|Any CPU
		{58965EBE-F2DD-4BB5-9FE5-DAE8A7C1ECA1}.Debug|Any CPU.Build.0 = Debug|Any CPU
		{58965EBE-F2DD-4BB5-9FE5-DAE8A7C1ECA1}.Release|Any CPU.ActiveCfg = Release|Any CPU
		{58965EBE-F2DD-4BB5-9FE5-DAE8A7C1ECA1}.Release|Any CPU.Build.0 = Release|Any CPU
		{87FD10D4-6B59-41E9-A4A7-366DA498BB5B}.Debug|Any CPU.ActiveCfg = Debug|Any CPU
		{87FD10D4-6B59-41E9-A4A7-366DA498BB5B}.Debug|Any CPU.Build.0 = Debug|Any CPU
		{87FD10D4-6B59-41E9-A4A7-366DA498BB5B}.Release|Any CPU.ActiveCfg = Release|Any CPU
		{87FD10D4-6B59-41E9-A4A7-366DA498BB5B}.Release|Any CPU.Build.0 = Release|Any CPU
		{DAAEC418-0F63-439E-9DC3-376C2218B339}.Debug|Any CPU.ActiveCfg = Debug|Any CPU
		{DAAEC418-0F63-439E-9DC3-376C2218B339}.Debug|Any CPU.Build.0 = Debug|Any CPU
		{DAAEC418-0F63-439E-9DC3-376C2218B339}.Release|Any CPU.ActiveCfg = Release|Any CPU
		{DAAEC418-0F63-439E-9DC3-376C2218B339}.Release|Any CPU.Build.0 = Release|Any CPU
		{4CC61478-4387-4680-9813-2B12F3EE6229}.Debug|Any CPU.ActiveCfg = Debug|Any CPU
		{4CC61478-4387-4680-9813-2B12F3EE6229}.Debug|Any CPU.Build.0 = Debug|Any CPU
		{4CC61478-4387-4680-9813-2B12F3EE6229}.Release|Any CPU.ActiveCfg = Release|Any CPU
		{4CC61478-4387-4680-9813-2B12F3EE6229}.Release|Any CPU.Build.0 = Release|Any CPU
		{74AA89DA-1913-4B96-8928-663321948CA9}.Debug|Any CPU.ActiveCfg = Debug|Any CPU
		{74AA89DA-1913-4B96-8928-663321948CA9}.Debug|Any CPU.Build.0 = Debug|Any CPU
		{74AA89DA-1913-4B96-8928-663321948CA9}.Release|Any CPU.ActiveCfg = Release|Any CPU
		{74AA89DA-1913-4B96-8928-663321948CA9}.Release|Any CPU.Build.0 = Release|Any CPU
	EndGlobalSection
	GlobalSection(SolutionProperties) = preSolution
		HideSolutionNode = FALSE
	EndGlobalSection
	GlobalSection(NestedProjects) = preSolution
		{B54EB58D-CC20-453D-BE5E-DF7FEA5BC621} = {F2AB7E26-D921-4C7E-81E1-392EF941CB0A}
		{4D3C9607-48DA-46B1-B36C-A857EC2ADB35} = {F2AB7E26-D921-4C7E-81E1-392EF941CB0A}
		{467FD307-8838-4F48-9101-395B1EBD6D98} = {F2AB7E26-D921-4C7E-81E1-392EF941CB0A}
		{9367BB91-EA49-4299-AB3E-3740F0E3F2EF} = {F2AB7E26-D921-4C7E-81E1-392EF941CB0A}
		{58965EBE-F2DD-4BB5-9FE5-DAE8A7C1ECA1} = {4D3C9607-48DA-46B1-B36C-A857EC2ADB35}
		{87FD10D4-6B59-41E9-A4A7-366DA498BB5B} = {4D3C9607-48DA-46B1-B36C-A857EC2ADB35}
		{DAAEC418-0F63-439E-9DC3-376C2218B339} = {467FD307-8838-4F48-9101-395B1EBD6D98}
		{4CC61478-4387-4680-9813-2B12F3EE6229} = {467FD307-8838-4F48-9101-395B1EBD6D98}
		{74AA89DA-1913-4B96-8928-663321948CA9} = {B54EB58D-CC20-453D-BE5E-DF7FEA5BC621}
	EndGlobalSection
	GlobalSection(ExtensibilityGlobals) = postSolution
		SolutionGuid = {97D08101-6C0B-47D7-8326-63D51D00F1CD}
	EndGlobalSection
EndGlobal
